Microsoft Visual Studio Solution File, Format Version 12.00
# Visual Studio 15
VisualStudioVersion = 15.0.28307.168
MinimumVisualStudioVersion = 10.0.40219.1
Project("{FAE04EC0-301F-11D3-BF4B-00C04F79EFBC}") = "WindowsApplication3", "WindowsApplication3\WindowsApplication3.csproj", "{C9740F01-FD9E-443A-9F9F-DD3BF20E74E4}"
EndProject
Global
	GlobalSection(SolutionConfigurationPlatforms) = preSolution
		Debug|Any CPU = Debug|Any CPU
		Debug|x86 = Debug|x86
		Release|Any CPU = Release|Any CPU
		Release|x86 = Release|x86
	EndGlobalSection
	GlobalSection(ProjectConfigurationPlatforms) = postSolution
		{C9740F01-FD9E-443A-9F9F-DD3BF20E74E4}.Debug|Any CPU.ActiveCfg = Debug|Any CPU
		{C9740F01-FD9E-443A-9F9F-DD3BF20E74E4}.Debug|Any CPU.Build.0 = Debug|Any CPU
		{C9740F01-FD9E-443A-9F9F-DD3BF20E74E4}.Debug|x86.ActiveCfg = Debug|x86
		{C9740F01-FD9E-443A-9F9F-DD3BF20E74E4}.Debug|x86.Build.0 = Debug|x86
		{C9740F01-FD9E-443A-9F9F-DD3BF20E74E4}.Release|Any CPU.ActiveCfg = Release|Any CPU
		{C9740F01-FD9E-443A-9F9F-DD3BF20E74E4}.Release|Any CPU.Build.0 = Release|Any CPU
		{C9740F01-FD9E-443A-9F9F-DD3BF20E74E4}.Release|x86.ActiveCfg = Release|x86
		{C9740F01-FD9E-443A-9F9F-DD3BF20E74E4}.Release|x86.Build.0 = Release|x86
	EndGlobalSection
	GlobalSection(SolutionProperties) = preSolution
		HideSolutionNode = FALSE
	EndGlobalSection
	GlobalSection(ExtensibilityGlobals) = postSolution
		SolutionGuid = {7CFC4C64-0DB9-46E1-BCB0-AF34890AE982}
	EndGlobalSection
EndGlobal
